
Microsoft Visual Studio Solution File, Format Version 12.00
# Visual Studio 2013
VisualStudioVersion = 12.0.21005.1
MinimumVisualStudioVersion = 10.0.40219.1
Project("{FAE04EC0-301F-11D3-BF4B-00C04F79EFBC}") = "CompanySampleDataImporter.Data", "CompanySampleDataImporter.Data\CompanySampleDataImporter.Data.csproj", "{8A765535-C270-40C0-82DC-128965C8AF82}"
EndProject
Project("{FAE04EC0-301F-11D3-BF4B-00C04F79EFBC}") = "CompanySampleDataImporter.Importer", "CompanySampleDataImporter.Importer\CompanySampleDataImporter.Importer.csproj", "{E81020CC-B58C-4228-B298-9F0EFC352391}"
EndProject
Global
	GlobalSection(SolutionConfigurationPlatforms) = preSolution
		Debug|Any CPU = Debug|Any CPU
		Release|Any CPU = Release|Any CPU
	EndGlobalSection
	GlobalSection(ProjectConfigurationPlatforms) = postSolution
		{8A765535-C270-40C0-82DC-128965C8AF82}.Debug|Any CPU.ActiveCfg = Debug|Any CPU
		{8A765535-C270-40C0-82DC-128965C8AF82}.Debug|Any CPU.Build.0 = Debug|Any CPU
		{8A765535-C270-40C0-82DC-128965C8AF82}.Release|Any CPU.ActiveCfg = Release|Any CPU
		{8A765535-C270-40C0-82DC-128965C8AF82}.Release|Any CPU.Build.0 = Release|Any CPU
		{E81020CC-B58C-4228-B298-9F0EFC352391}.Debug|Any CPU.ActiveCfg = Debug|Any CPU
		{E81020CC-B58C-4228-B298-9F0EFC352391}.Debug|Any CPU.Build.0 = Debug|Any CPU
		{E81020CC-B58C-4228-B298-9F0EFC352391}.Release|Any CPU.ActiveCfg = Release|Any CPU
		{E81020CC-B58C-4228-B298-9F0EFC352391}.Release|Any CPU.Build.0 = Release|Any CPU
	EndGlobalSection
	GlobalSection(SolutionProperties) = preSolution
		HideSolutionNode = FALSE
	EndGlobalSection
EndGlobal
